
Microsoft Visual Studio Solution File, Format Version 12.00
# Visual Studio Version 17
VisualStudioVersion = 17.10.35122.118
MinimumVisualStudioVersion = 10.0.40219.1
Project("{FAE04EC0-301F-11D3-BF4B-00C04F79EFBC}") = "BodegaVinos", "BodegaVinos.csproj", "{9EE7293E-B402-473D-856B-70A13F6FF5AE}"
EndProject
Global
	GlobalSection(SolutionConfigurationPlatforms) = preSolution
		Debug|Any CPU = Debug|Any CPU
		Release|Any CPU = Release|Any CPU
	EndGlobalSection
	GlobalSection(ProjectConfigurationPlatforms) = postSolution
		{9EE7293E-B402-473D-856B-70A13F6FF5AE}.Debug|Any CPU.ActiveCfg = Debug|Any CPU
		{9EE7293E-B402-473D-856B-70A13F6FF5AE}.Debug|Any CPU.Build.0 = Debug|Any CPU
		{9EE7293E-B402-473D-856B-70A13F6FF5AE}.Release|Any CPU.ActiveCfg = Release|Any CPU
		{9EE7293E-B402-473D-856B-70A13F6FF5AE}.Release|Any CPU.Build.0 = Release|Any CPU
	EndGlobalSection
	GlobalSection(SolutionProperties) = preSolution
		HideSolutionNode = FALSE
	EndGlobalSection
	GlobalSection(ExtensibilityGlobals) = postSolution
		SolutionGuid = {1B32F43C-69D7-4337-9B32-991747EB4D4F}
	EndGlobalSection
EndGlobal
